
Microsoft Visual Studio Solution File, Format Version 12.00
# Visual Studio 14
VisualStudioVersion = 14.0.24720.0
MinimumVisualStudioVersion = 10.0.40219.1
Project("{FAE04EC0-301F-11D3-BF4B-00C04F79EFBC}") = "Extra_Exercise_States", "Extra_Exercise_States\Extra_Exercise_States.csproj", "{938C9F48-B168-4A3A-96DC-9A67B381312B}"
EndProject
Global
	GlobalSection(SolutionConfigurationPlatforms) = preSolution
		Debug|Any CPU = Debug|Any CPU
		Release|Any CPU = Release|Any CPU
	EndGlobalSection
	GlobalSection(ProjectConfigurationPlatforms) = postSolution
		{938C9F48-B168-4A3A-96DC-9A67B381312B}.Debug|Any CPU.ActiveCfg = Debug|Any CPU
		{938C9F48-B168-4A3A-96DC-9A67B381312B}.Debug|Any CPU.Build.0 = Debug|Any CPU
		{938C9F48-B168-4A3A-96DC-9A67B381312B}.Release|Any CPU.ActiveCfg = Release|Any CPU
		{938C9F48-B168-4A3A-96DC-9A67B381312B}.Release|Any CPU.Build.0 = Release|Any CPU
	EndGlobalSection
	GlobalSection(SolutionProperties) = preSolution
		HideSolutionNode = FALSE
	EndGlobalSection
EndGlobal
